
Microsoft Visual Studio Solution File, Format Version 12.00
# Visual Studio Version 17
VisualStudioVersion = 17.2.32526.322
MinimumVisualStudioVersion = 10.0.40219.1
Project("{FAE04EC0-301F-11D3-BF4B-00C04F79EFBC}") = "WebScanner", "WebScanner.csproj", "{B01D2FAC-8C48-4D5A-A7C3-6FF9414EE023}"
EndProject
Global
	GlobalSection(SolutionConfigurationPlatforms) = preSolution
		Debug|Any CPU = Debug|Any CPU
		Release|Any CPU = Release|Any CPU
	EndGlobalSection
	GlobalSection(ProjectConfigurationPlatforms) = postSolution
		{B01D2FAC-8C48-4D5A-A7C3-6FF9414EE023}.Debug|Any CPU.ActiveCfg = Debug|Any CPU
		{B01D2FAC-8C48-4D5A-A7C3-6FF9414EE023}.Debug|Any CPU.Build.0 = Debug|Any CPU
		{B01D2FAC-8C48-4D5A-A7C3-6FF9414EE023}.Release|Any CPU.ActiveCfg = Release|Any CPU
		{B01D2FAC-8C48-4D5A-A7C3-6FF9414EE023}.Release|Any CPU.Build.0 = Release|Any CPU
	EndGlobalSection
	GlobalSection(SolutionProperties) = preSolution
		HideSolutionNode = FALSE
	EndGlobalSection
	GlobalSection(ExtensibilityGlobals) = postSolution
		SolutionGuid = {5817A5C1-F213-48E1-8A29-8126DFDA89BF}
	EndGlobalSection
EndGlobal
